// !$*UTF8*$!
{
	archiveVersion = 1;
	classes = {
	};
	objectVersion = 77;
	objects = {

/* Begin PBXBuildFile section */
		8217C2992F8E24A50014ACC7 /* Quartz.framework in Frameworks */ = {isa = PBXBuildFile; fileRef = 8217C2982F8E24A50014ACC7 /* Quartz.framework */; };
		8217C2A62F8E24A50014ACC7 /* QuickLookCodeExtension.appex in Embed Foundation Extensions */ = {isa = PBXBuildFile; fileRef = 8217C2962F8E24A50014ACC7 /* QuickLookCodeExtension.appex */; settings = {ATTRIBUTES = (RemoveHeadersOnCopy, ); }; };
		8217C2B92F8E24E00014ACC7 /* QuickLookCodeShared.framework in Frameworks */ = {isa = PBXBuildFile; fileRef = 8217C2B12F8E24E00014ACC7 /* QuickLookCodeShared.framework */; };
		8217C2BA2F8E24E00014ACC7 /* QuickLookCodeShared.framework in Embed Frameworks */ = {isa = PBXBuildFile; fileRef = 8217C2B12F8E24E00014ACC7 /* QuickLookCodeShared.framework */; settings = {ATTRIBUTES = (CodeSignOnCopy, RemoveHeadersOnCopy, ); }; };
/* End PBXBuildFile section */

/* Begin PBXContainerItemProxy section */
		8217C2A42F8E24A50014ACC7 /* PBXContainerItemProxy */ = {
			isa = PBXContainerItemProxy;
			containerPortal = 8217C27B2F8E24110014ACC7 /* Project object */;
			proxyType = 1;
			remoteGlobalIDString = 8217C2952F8E24A50014ACC7;
			remoteInfo = QuickLookCodeExtension;
		};
		8217C2B72F8E24E00014ACC7 /* PBXContainerItemProxy */ = {
			isa = PBXContainerItemProxy;
			containerPortal = 8217C27B2F8E24110014ACC7 /* Project object */;
			proxyType = 1;
			remoteGlobalIDString = 8217C2B02F8E24E00014ACC7;
			remoteInfo = QuickLookCodeShared;
		};
/* End PBXContainerItemProxy section */

/* Begin PBXCopyFilesBuildPhase section */
		8217C2AB2F8E24A50014ACC7 /* Embed Foundation Extensions */ = {
			isa = PBXCopyFilesBuildPhase;
			buildActionMask = 2147483647;
			dstPath = "";
			dstSubfolderSpec = 13;
			files = (
				8217C2A62F8E24A50014ACC7 /* QuickLookCodeExtension.appex in Embed Foundation Extensions */,
			);
			name = "Embed Foundation Extensions";
			runOnlyForDeploymentPostprocessing = 0;
		};
		8217C2BE2F8E24E00014ACC7 /* Embed Frameworks */ = {
			isa = PBXCopyFilesBuildPhase;
			buildActionMask = 2147483647;
			dstPath = "";
			dstSubfolderSpec = 10;
			files = (
				8217C2BA2F8E24E00014ACC7 /* QuickLookCodeShared.framework in Embed Frameworks */,
			);
			name = "Embed Frameworks";
			runOnlyForDeploymentPostprocessing = 0;
		};
/* End PBXCopyFilesBuildPhase section */

/* Begin PBXFileReference section */
		8217C2832F8E24110014ACC7 /* QuickLookCode.app */ = {isa = PBXFileReference; explicitFileType = wrapper.application; includeInIndex = 0; path = QuickLookCode.app; sourceTree = BUILT_PRODUCTS_DIR; };
		8217C2962F8E24A50014ACC7 /* QuickLookCodeExtension.appex */ = {isa = PBXFileReference; explicitFileType = "wrapper.app-extension"; includeInIndex = 0; path = QuickLookCodeExtension.appex; sourceTree = BUILT_PRODUCTS_DIR; };
		8217C2982F8E24A50014ACC7 /* Quartz.framework */ = {isa = PBXFileReference; lastKnownFileType = wrapper.framework; name = Quartz.framework; path = System/Library/Frameworks/Quartz.framework; sourceTree = SDKROOT; };
		8217C2B12F8E24E00014ACC7 /* QuickLookCodeShared.framework */ = {isa = PBXFileReference; explicitFileType = wrapper.framework; includeInIndex = 0; path = QuickLookCodeShared.framework; sourceTree = BUILT_PRODUCTS_DIR; };
/* End PBXFileReference section */

/* Begin PBXFileSystemSynchronizedBuildFileExceptionSet section */
		8217C2A72F8E24A50014ACC7 /* Exceptions for "QuickLookCodeExtension" folder in "QuickLookCodeExtension" target */ = {
			isa = PBXFileSystemSynchronizedBuildFileExceptionSet;
			membershipExceptions = (
				Info.plist,
			);
			target = 8217C2952F8E24A50014ACC7 /* QuickLookCodeExtension */;
		};
/* End PBXFileSystemSynchronizedBuildFileExceptionSet section */

/* Begin PBXFileSystemSynchronizedRootGroup section */
		8217C2852F8E24110014ACC7 /* QuickLookCode */ = {
			isa = PBXFileSystemSynchronizedRootGroup;
			path = QuickLookCode;
			sourceTree = "<group>";
		};
		8217C29A2F8E24A50014ACC7 /* QuickLookCodeExtension */ = {
			isa = PBXFileSystemSynchronizedRootGroup;
			exceptions = (
				8217C2A72F8E24A50014ACC7 /* Exceptions for "QuickLookCodeExtension" folder in "QuickLookCodeExtension" target */,
			);
			path = QuickLookCodeExtension;
			sourceTree = "<group>";
		};
		8217C2B22F8E24E00014ACC7 /* QuickLookCodeShared */ = {
			isa = PBXFileSystemSynchronizedRootGroup;
			path = QuickLookCodeShared;
			sourceTree = "<group>";
		};
/* End PBXFileSystemSynchronizedRootGroup section */

/* Begin PBXFrameworksBuildPhase section */
		8217C2802F8E24110014ACC7 /* Frameworks */ = {
			isa = PBXFrameworksBuildPhase;
			buildActionMask = 2147483647;
			files = (
				8217C2B92F8E24E00014ACC7 /* QuickLookCodeShared.framework in Frameworks */,
			);
			runOnlyForDeploymentPostprocessing = 0;
		};
		8217C2932F8E24A50014ACC7 /* Frameworks */ = {
			isa = PBXFrameworksBuildPhase;
			buildActionMask = 2147483647;
			files = (
				8217C2992F8E24A50014ACC7 /* Quartz.framework in Frameworks */,
			);
			runOnlyForDeploymentPostprocessing = 0;
		};
		8217C2AE2F8E24E00014ACC7 /* Frameworks */ = {
			isa = PBXFrameworksBuildPhase;
			buildActionMask = 2147483647;
			files = (
			);
			runOnlyForDeploymentPostprocessing = 0;
		};
/* End PBXFrameworksBuildPhase section */

/* Begin PBXGroup section */
		8217C27A2F8E24110014ACC7 = {
			isa = PBXGroup;
			children = (
				8217C2852F8E24110014ACC7 /* QuickLookCode */,
				8217C29A2F8E24A50014ACC7 /* QuickLookCodeExtension */,
				8217C2B22F8E24E00014ACC7 /* QuickLookCodeShared */,
				8217C2972F8E24A50014ACC7 /* Frameworks */,
				8217C2842F8E24110014ACC7 /* Products */,
			);
			sourceTree = "<group>";
		};
		8217C2842F8E24110014ACC7 /* Products */ = {
			isa = PBXGroup;
			children = (
				8217C2832F8E24110014ACC7 /* QuickLookCode.app */,
				8217C2962F8E24A50014ACC7 /* QuickLookCodeExtension.appex */,
				8217C2B12F8E24E00014ACC7 /* QuickLookCodeShared.framework */,
			);
			name = Products;
			sourceTree = "<group>";
		};
		8217C2972F8E24A50014ACC7 /* Frameworks */ = {
			isa = PBXGroup;
			children = (
				8217C2982F8E24A50014ACC7 /* Quartz.framework */,
			);
			name = Frameworks;
			sourceTree = "<group>";
		};
/* End PBXGroup section */

/* Begin PBXHeadersBuildPhase section */
		8217C2AC2F8E24E00014ACC7 /* Headers */ = {
			isa = PBXHeadersBuildPhase;
			buildActionMask = 2147483647;
			files = (
			);
			runOnlyForDeploymentPostprocessing = 0;
		};
/* End PBXHeadersBuildPhase section */

/* Begin PBXNativeTarget section */
		8217C2822F8E24110014ACC7 /* QuickLookCode */ = {
			isa = PBXNativeTarget;
			buildConfigurationList = 8217C28F2F8E24120014ACC7 /* Build configuration list for PBXNativeTarget "QuickLookCode" */;
			buildPhases = (
				8217C27F2F8E24110014ACC7 /* Sources */,
				8217C2802F8E24110014ACC7 /* Frameworks */,
				8217C2812F8E24110014ACC7 /* Resources */,
				8217C2AB2F8E24A50014ACC7 /* Embed Foundation Extensions */,
				8217C2BE2F8E24E00014ACC7 /* Embed Frameworks */,
			);
			buildRules = (
			);
			dependencies = (
				8217C2A52F8E24A50014ACC7 /* PBXTargetDependency */,
				8217C2B82F8E24E00014ACC7 /* PBXTargetDependency */,
			);
			fileSystemSynchronizedGroups = (
				8217C2852F8E24110014ACC7 /* QuickLookCode */,
			);
			name = QuickLookCode;
			packageProductDependencies = (
			);
			productName = QuickLookCode;
			productReference = 8217C2832F8E24110014ACC7 /* QuickLookCode.app */;
			productType = "com.apple.product-type.application";
		};
		8217C2952F8E24A50014ACC7 /* QuickLookCodeExtension */ = {
			isa = PBXNativeTarget;
			buildConfigurationList = 8217C2A82F8E24A50014ACC7 /* Build configuration list for PBXNativeTarget "QuickLookCodeExtension" */;
			buildPhases = (
				8217C2922F8E24A50014ACC7 /* Sources */,
				8217C2932F8E24A50014ACC7 /* Frameworks */,
				8217C2942F8E24A50014ACC7 /* Resources */,
			);
			buildRules = (
			);
			dependencies = (
			);
			fileSystemSynchronizedGroups = (
				8217C29A2F8E24A50014ACC7 /* QuickLookCodeExtension */,
			);
			name = QuickLookCodeExtension;
			packageProductDependencies = (
			);
			productName = QuickLookCodeExtension;
			productReference = 8217C2962F8E24A50014ACC7 /* QuickLookCodeExtension.appex */;
			productType = "com.apple.product-type.app-extension";
		};
		8217C2B02F8E24E00014ACC7 /* QuickLookCodeShared */ = {
			isa = PBXNativeTarget;
			buildConfigurationList = 8217C2BB2F8E24E00014ACC7 /* Build configuration list for PBXNativeTarget "QuickLookCodeShared" */;
			buildPhases = (
				8217C2AC2F8E24E00014ACC7 /* Headers */,
				8217C2AD2F8E24E00014ACC7 /* Sources */,
				8217C2AE2F8E24E00014ACC7 /* Frameworks */,
				8217C2AF2F8E24E00014ACC7 /* Resources */,
			);
			buildRules = (
			);
			dependencies = (
			);
			fileSystemSynchronizedGroups = (
				8217C2B22F8E24E00014ACC7 /* QuickLookCodeShared */,
			);
			name = QuickLookCodeShared;
			packageProductDependencies = (
			);
			productName = QuickLookCodeShared;
			productReference = 8217C2B12F8E24E00014ACC7 /* QuickLookCodeShared.framework */;
			productType = "com.apple.product-type.framework";
		};
/* End PBXNativeTarget section */

/* Begin PBXProject section */
		8217C27B2F8E24110014ACC7 /* Project object */ = {
			isa = PBXProject;
			attributes = {
				BuildIndependentTargetsInParallel = 1;
				LastSwiftUpdateCheck = 1640;
				LastUpgradeCheck = 1640;
				TargetAttributes = {
					8217C2822F8E24110014ACC7 = {
						CreatedOnToolsVersion = 16.4;
					};
					8217C2952F8E24A50014ACC7 = {
						CreatedOnToolsVersion = 16.4;
					};
					8217C2B02F8E24E00014ACC7 = {
						CreatedOnToolsVersion = 16.4;
					};
				};
			};
			buildConfigurationList = 8217C27E2F8E24110014ACC7 /* Build configuration list for PBXProject "QuickLookCode" */;
			developmentRegion = en;
			hasScannedForEncodings = 0;
			knownRegions = (
				en,
				Base,
			);
			mainGroup = 8217C27A2F8E24110014ACC7;
			minimizedProjectReferenceProxies = 1;
			preferredProjectObjectVersion = 77;
			productRefGroup = 8217C2842F8E24110014ACC7 /* Products */;
			projectDirPath = "";
			projectRoot = "";
			targets = (
				8217C2822F8E24110014ACC7 /* QuickLookCode */,
				8217C2952F8E24A50014ACC7 /* QuickLookCodeExtension */,
				8217C2B02F8E24E00014ACC7 /* QuickLookCodeShared */,
			);
		};
/* End PBXProject section */

/* Begin PBXResourcesBuildPhase section */
		8217C2812F8E24110014ACC7 /* Resources */ = {
			isa = PBXResourcesBuildPhase;
			buildActionMask = 2147483647;
			files = (
			);
			runOnlyForDeploymentPostprocessing = 0;
		};
		8217C2942F8E24A50014ACC7 /* Resources */ = {
			isa = PBXResourcesBuildPhase;
			buildActionMask = 2147483647;
			files = (
			);
			runOnlyForDeploymentPostprocessing = 0;
		};
		8217C2AF2F8E24E00014ACC7 /* Resources */ = {
			isa = PBXResourcesBuildPhase;
			buildActionMask = 2147483647;
			files = (
			);
			runOnlyForDeploymentPostprocessing = 0;
		};
/* End PBXResourcesBuildPhase section */

/* Begin PBXSourcesBuildPhase section */
		8217C27F2F8E24110014ACC7 /* Sources */ = {
			isa = PBXSourcesBuildPhase;
			buildActionMask = 2147483647;
			files = (
			);
			runOnlyForDeploymentPostprocessing = 0;
		};
		8217C2922F8E24A50014ACC7 /* Sources */ = {
			isa = PBXSourcesBuildPhase;
			buildActionMask = 2147483647;
			files = (
			);
			runOnlyForDeploymentPostprocessing = 0;
		};
		8217C2AD2F8E24E00014ACC7 /* Sources */ = {
			isa = PBXSourcesBuildPhase;
			buildActionMask = 2147483647;
			files = (
			);
			runOnlyForDeploymentPostprocessing = 0;
		};
/* End PBXSourcesBuildPhase section */

/* Begin PBXTargetDependency section */
		8217C2A52F8E24A50014ACC7 /* PBXTargetDependency */ = {
			isa = PBXTargetDependency;
			target = 8217C2952F8E24A50014ACC7 /* QuickLookCodeExtension */;
			targetProxy = 8217C2A42F8E24A50014ACC7 /* PBXContainerItemProxy */;
		};
		8217C2B82F8E24E00014ACC7 /* PBXTargetDependency */ = {
			isa = PBXTargetDependency;
			target = 8217C2B02F8E24E00014ACC7 /* QuickLookCodeShared */;
			targetProxy = 8217C2B72F8E24E00014ACC7 /* PBXContainerItemProxy */;
		};
/* End PBXTargetDependency section */

/* Begin XCBuildConfiguration section */
		8217C28D2F8E24120014ACC7 /* Debug */ = {
			isa = XCBuildConfiguration;
			buildSettings = {
				ALWAYS_SEARCH_USER_PATHS = NO;
				ASSETCATALOG_COMPILER_GENERATE_SWIFT_ASSET_SYMBOL_EXTENSIONS = YES;
				CLANG_ANALYZER_NONNULL = YES;
				CLANG_ANALYZER_NUMBER_OBJECT_CONVERSION = YES_AGGRESSIVE;
				CLANG_CXX_LANGUAGE_STANDARD = "gnu++20";
				CLANG_ENABLE_MODULES = YES;
				CLANG_ENABLE_OBJC_ARC = YES;
				CLANG_ENABLE_OBJC_WEAK = YES;
				CLANG_WARN_BLOCK_CAPTURE_AUTORELEASING = YES;
				CLANG_WARN_BOOL_CONVERSION = YES;
				CLANG_WARN_COMMA = YES;
				CLANG_WARN_CONSTANT_CONVERSION = YES;
				CLANG_WARN_DEPRECATED_OBJC_IMPLEMENTATIONS = YES;
				CLANG_WARN_DIRECT_OBJC_ISA_USAGE = YES_ERROR;
				CLANG_WARN_DOCUMENTATION_COMMENTS = YES;
				CLANG_WARN_EMPTY_BODY = YES;
				CLANG_WARN_ENUM_CONVERSION = YES;
				CLANG_WARN_INFINITE_RECURSION = YES;
				CLANG_WARN_INT_CONVERSION = YES;
				CLANG_WARN_NON_LITERAL_NULL_CONVERSION = YES;
				CLANG_WARN_OBJC_IMPLICIT_RETAIN_SELF = YES;
				CLANG_WARN_OBJC_LITERAL_CONVERSION = YES;
				CLANG_WARN_OBJC_ROOT_CLASS = YES_ERROR;
				CLANG_WARN_QUOTED_INCLUDE_IN_FRAMEWORK_HEADER = YES;
				CLANG_WARN_RANGE_LOOP_ANALYSIS = YES;
				CLANG_WARN_STRICT_PROTOTYPES = YES;
				CLANG_WARN_SUSPICIOUS_MOVE = YES;
				CLANG_WARN_UNGUARDED_AVAILABILITY = YES_AGGRESSIVE;
				CLANG_WARN_UNREACHABLE_CODE = YES;
				CLANG_WARN__DUPLICATE_METHOD_MATCH = YES;
				COPY_PHASE_STRIP = NO;
				DEBUG_INFORMATION_FORMAT = dwarf;
				DEVELOPMENT_TEAM = 97S4Q992W3;
				ENABLE_STRICT_OBJC_MSGSEND = YES;
				ENABLE_TESTABILITY = YES;
				ENABLE_USER_SCRIPT_SANDBOXING = YES;
				GCC_C_LANGUAGE_STANDARD = gnu17;
				GCC_DYNAMIC_NO_PIC = NO;
				GCC_NO_COMMON_BLOCKS = YES;
				GCC_OPTIMIZATION_LEVEL = 0;
				GCC_PREPROCESSOR_DEFINITIONS = (
					"DEBUG=1",
					"$(inherited)",
				);
				GCC_WARN_64_TO_32_BIT_CONVERSION = YES;
				GCC_WARN_ABOUT_RETURN_TYPE = YES_ERROR;
				GCC_WARN_UNDECLARED_SELECTOR = YES;
				GCC_WARN_UNINITIALIZED_AUTOS = YES_AGGRESSIVE;
				GCC_WARN_UNUSED_FUNCTION = YES;
				GCC_WARN_UNUSED_VARIABLE = YES;
				LOCALIZATION_PREFERS_STRING_CATALOGS = YES;
				MACOSX_DEPLOYMENT_TARGET = 15.5;
				MTL_ENABLE_DEBUG_INFO = INCLUDE_SOURCE;
				MTL_FAST_MATH = YES;
				ONLY_ACTIVE_ARCH = YES;
				SDKROOT = macosx;
				SWIFT_ACTIVE_COMPILATION_CONDITIONS = "DEBUG $(inherited)";
				SWIFT_OPTIMIZATION_LEVEL = "-Onone";
			};
			name = Debug;
		};
		8217C28E2F8E24120014ACC7 /* Release */ = {
			isa = XCBuildConfiguration;
			buildSettings = {
				ALWAYS_SEARCH_USER_PATHS = NO;
				ASSETCATALOG_COMPILER_GENERATE_SWIFT_ASSET_SYMBOL_EXTENSIONS = YES;
				CLANG_ANALYZER_NONNULL = YES;
				CLANG_ANALYZER_NUMBER_OBJECT_CONVERSION = YES_AGGRESSIVE;
				CLANG_CXX_LANGUAGE_STANDARD = "gnu++20";
				CLANG_ENABLE_MODULES = YES;
				CLANG_ENABLE_OBJC_ARC = YES;
				CLANG_ENABLE_OBJC_WEAK = YES;
				CLANG_WARN_BLOCK_CAPTURE_AUTORELEASING = YES;
				CLANG_WARN_BOOL_CONVERSION = YES;
				CLANG_WARN_COMMA = YES;
				CLANG_WARN_CONSTANT_CONVERSION = YES;
				CLANG_WARN_DEPRECATED_OBJC_IMPLEMENTATIONS = YES;
				CLANG_WARN_DIRECT_OBJC_ISA_USAGE = YES_ERROR;
				CLANG_WARN_DOCUMENTATION_COMMENTS = YES;
				CLANG_WARN_EMPTY_BODY = YES;
				CLANG_WARN_ENUM_CONVERSION = YES;
				CLANG_WARN_INFINITE_RECURSION = YES;
				CLANG_WARN_INT_CONVERSION = YES;
				CLANG_WARN_NON_LITERAL_NULL_CONVERSION = YES;
				CLANG_WARN_OBJC_IMPLICIT_RETAIN_SELF = YES;
				CLANG_WARN_OBJC_LITERAL_CONVERSION = YES;
				CLANG_WARN_OBJC_ROOT_CLASS = YES_ERROR;
				CLANG_WARN_QUOTED_INCLUDE_IN_FRAMEWORK_HEADER = YES;
				CLANG_WARN_RANGE_LOOP_ANALYSIS = YES;
				CLANG_WARN_STRICT_PROTOTYPES = YES;
				CLANG_WARN_SUSPICIOUS_MOVE = YES;
				CLANG_WARN_UNGUARDED_AVAILABILITY = YES_AGGRESSIVE;
				CLANG_WARN_UNREACHABLE_CODE = YES;
				CLANG_WARN__DUPLICATE_METHOD_MATCH = YES;
				COPY_PHASE_STRIP = NO;
				DEBUG_INFORMATION_FORMAT = "dwarf-with-dsym";
				DEVELOPMENT_TEAM = 97S4Q992W3;
				ENABLE_NS_ASSERTIONS = NO;
				ENABLE_STRICT_OBJC_MSGSEND = YES;
				ENABLE_USER_SCRIPT_SANDBOXING = YES;
				GCC_C_LANGUAGE_STANDARD = gnu17;
				GCC_NO_COMMON_BLOCKS = YES;
				GCC_WARN_64_TO_32_BIT_CONVERSION = YES;
				GCC_WARN_ABOUT_RETURN_TYPE = YES_ERROR;
				GCC_WARN_UNDECLARED_SELECTOR = YES;
				GCC_WARN_UNINITIALIZED_AUTOS = YES_AGGRESSIVE;
				GCC_WARN_UNUSED_FUNCTION = YES;
				GCC_WARN_UNUSED_VARIABLE = YES;
				LOCALIZATION_PREFERS_STRING_CATALOGS = YES;
				MACOSX_DEPLOYMENT_TARGET = 15.5;
				MTL_ENABLE_DEBUG_INFO = NO;
				MTL_FAST_MATH = YES;
				SDKROOT = macosx;
				SWIFT_COMPILATION_MODE = wholemodule;
			};
			name = Release;
		};
		8217C2902F8E24120014ACC7 /* Debug */ = {
			isa = XCBuildConfiguration;
			buildSettings = {
				ASSETCATALOG_COMPILER_APPICON_NAME = AppIcon;
				ASSETCATALOG_COMPILER_GLOBAL_ACCENT_COLOR_NAME = AccentColor;
				CODE_SIGN_ENTITLEMENTS = QuickLookCode/QuickLookCode.entitlements;
				CODE_SIGN_STYLE = Automatic;
				COMBINE_HIDPI_IMAGES = YES;
				CURRENT_PROJECT_VERSION = 1;
				DEVELOPMENT_TEAM = 97S4Q992W3;
				ENABLE_HARDENED_RUNTIME = YES;
				ENABLE_PREVIEWS = YES;
				GENERATE_INFOPLIST_FILE = YES;
				INFOPLIST_KEY_CFBundleDisplayName = Peekaboo;
				INFOPLIST_KEY_NSHumanReadableCopyright = "";
				LD_RUNPATH_SEARCH_PATHS = (
					"$(inherited)",
					"@executable_path/../Frameworks",
				);
				MACOSX_DEPLOYMENT_TARGET = 13.0;
				MARKETING_VERSION = 1.0;
				PRODUCT_BUNDLE_IDENTIFIER = com.nehagupta.QuickLookCode;
				PRODUCT_NAME = "$(TARGET_NAME)";
				REGISTER_APP_GROUPS = YES;
				SWIFT_EMIT_LOC_STRINGS = YES;
				SWIFT_VERSION = 5.0;
			};
			name = Debug;
		};
		8217C2912F8E24120014ACC7 /* Release */ = {
			isa = XCBuildConfiguration;
			buildSettings = {
				ASSETCATALOG_COMPILER_APPICON_NAME = AppIcon;
				ASSETCATALOG_COMPILER_GLOBAL_ACCENT_COLOR_NAME = AccentColor;
				CODE_SIGN_ENTITLEMENTS = QuickLookCode/QuickLookCode.entitlements;
				CODE_SIGN_STYLE = Automatic;
				COMBINE_HIDPI_IMAGES = YES;
				CURRENT_PROJECT_VERSION = 1;
				DEVELOPMENT_TEAM = 97S4Q992W3;
				ENABLE_HARDENED_RUNTIME = YES;
				ENABLE_PREVIEWS = YES;
				GENERATE_INFOPLIST_FILE = YES;
				INFOPLIST_KEY_CFBundleDisplayName = Peekaboo;
				INFOPLIST_KEY_NSHumanReadableCopyright = "";
				LD_RUNPATH_SEARCH_PATHS = (
					"$(inherited)",
					"@executable_path/../Frameworks",
				);
				MACOSX_DEPLOYMENT_TARGET = 13.0;
				MARKETING_VERSION = 1.0;
				PRODUCT_BUNDLE_IDENTIFIER = com.nehagupta.QuickLookCode;
				PRODUCT_NAME = "$(TARGET_NAME)";
				REGISTER_APP_GROUPS = YES;
				SWIFT_EMIT_LOC_STRINGS = YES;
				SWIFT_VERSION = 5.0;
			};
			name = Release;
		};
		8217C2A92F8E24A50014ACC7 /* Debug */ = {
			isa = XCBuildConfiguration;
			buildSettings = {
				CODE_SIGN_ENTITLEMENTS = QuickLookCodeExtension/QuickLookCodeExtension.entitlements;
				CODE_SIGN_STYLE = Automatic;
				CURRENT_PROJECT_VERSION = 1;
				DEVELOPMENT_TEAM = 97S4Q992W3;
				ENABLE_HARDENED_RUNTIME = YES;
				GENERATE_INFOPLIST_FILE = YES;
				INFOPLIST_FILE = QuickLookCodeExtension/Info.plist;
				INFOPLIST_KEY_CFBundleDisplayName = Peekaboo;
				INFOPLIST_KEY_NSHumanReadableCopyright = "";
				LD_RUNPATH_SEARCH_PATHS = (
					"$(inherited)",
					"@executable_path/../Frameworks",
					"@executable_path/../../../../Frameworks",
				);
				MACOSX_DEPLOYMENT_TARGET = 13.0;
				MARKETING_VERSION = 1.0;
				PRODUCT_BUNDLE_IDENTIFIER = com.nehagupta.QuickLookCode.QuickLookCodeExtension;
				PRODUCT_NAME = "$(TARGET_NAME)";
				REGISTER_APP_GROUPS = YES;
				SKIP_INSTALL = YES;
				SWIFT_EMIT_LOC_STRINGS = YES;
				SWIFT_VERSION = 5.0;
			};
			name = Debug;
		};
		8217C2AA2F8E24A50014ACC7 /* Release */ = {
			isa = XCBuildConfiguration;
			buildSettings = {
				CODE_SIGN_ENTITLEMENTS = QuickLookCodeExtension/QuickLookCodeExtension.entitlements;
				CODE_SIGN_STYLE = Automatic;
				CURRENT_PROJECT_VERSION = 1;
				DEVELOPMENT_TEAM = 97S4Q992W3;
				ENABLE_HARDENED_RUNTIME = YES;
				GENERATE_INFOPLIST_FILE = YES;
				INFOPLIST_FILE = QuickLookCodeExtension/Info.plist;
				INFOPLIST_KEY_CFBundleDisplayName = Peekaboo;
				INFOPLIST_KEY_NSHumanReadableCopyright = "";
				LD_RUNPATH_SEARCH_PATHS = (
					"$(inherited)",
					"@executable_path/../Frameworks",
					"@executable_path/../../../../Frameworks",
				);
				MACOSX_DEPLOYMENT_TARGET = 13.0;
				MARKETING_VERSION = 1.0;
				PRODUCT_BUNDLE_IDENTIFIER = com.nehagupta.QuickLookCode.QuickLookCodeExtension;
				PRODUCT_NAME = "$(TARGET_NAME)";
				REGISTER_APP_GROUPS = YES;
				SKIP_INSTALL = YES;
				SWIFT_EMIT_LOC_STRINGS = YES;
				SWIFT_VERSION = 5.0;
			};
			name = Release;
		};
		8217C2BC2F8E24E00014ACC7 /* Debug */ = {
			isa = XCBuildConfiguration;
			buildSettings = {
				BUILD_LIBRARY_FOR_DISTRIBUTION = YES;
				CODE_SIGN_STYLE = Automatic;
				COMBINE_HIDPI_IMAGES = YES;
				CURRENT_PROJECT_VERSION = 1;
				DEVELOPMENT_TEAM = 97S4Q992W3;
				DYLIB_COMPATIBILITY_VERSION = 1;
				DYLIB_CURRENT_VERSION = 1;
				DYLIB_INSTALL_NAME_BASE = "@rpath";
				ENABLE_MODULE_VERIFIER = YES;
				GCC_PREPROCESSOR_DEFINITIONS = (
					"DEBUG=1",
					"$(inherited)",
					"HAVE_CONFIG_H=1",
				);
				GENERATE_INFOPLIST_FILE = YES;
				INFOPLIST_KEY_NSHumanReadableCopyright = "";
				INSTALL_PATH = "$(LOCAL_LIBRARY_DIR)/Frameworks";
				LD_RUNPATH_SEARCH_PATHS = (
					"$(inherited)",
					"@executable_path/../Frameworks",
					"@loader_path/Frameworks",
				);
				MACOSX_DEPLOYMENT_TARGET = 13.0;
				MARKETING_VERSION = 1.0;
				MODULE_VERIFIER_SUPPORTED_LANGUAGES = "objective-c objective-c++";
				MODULE_VERIFIER_SUPPORTED_LANGUAGE_STANDARDS = "gnu17 gnu++20";
				OTHER_CFLAGS = "-Wno-everything";
				PRODUCT_BUNDLE_IDENTIFIER = com.nehagupta.QuickLookCode.QuickLookCodeShared;
				PRODUCT_NAME = "$(TARGET_NAME:c99extidentifier)";
				SKIP_INSTALL = YES;
				SWIFT_EMIT_LOC_STRINGS = YES;
				SWIFT_INCLUDE_PATHS = "$(SRCROOT)/QuickLookCodeShared/Vendor/Oniguruma $(SRCROOT)/QuickLookCodeShared/Vendor/cmark-gfm";
				SWIFT_INSTALL_MODULE = YES;
				SWIFT_INSTALL_OBJC_HEADER = NO;
				SWIFT_VERSION = 5.0;
				USER_HEADER_SEARCH_PATHS = (
					"$(SRCROOT)/QuickLookCodeShared/Vendor/Oniguruma",
					"$(SRCROOT)/QuickLookCodeShared/Vendor/cmark-gfm",
				);
				VERSIONING_SYSTEM = "apple-generic";
				VERSION_INFO_PREFIX = "";
			};
			name = Debug;
		};
		8217C2BD2F8E24E00014ACC7 /* Release */ = {
			isa = XCBuildConfiguration;
			buildSettings = {
				BUILD_LIBRARY_FOR_DISTRIBUTION = YES;
				CODE_SIGN_STYLE = Automatic;
				COMBINE_HIDPI_IMAGES = YES;
				CURRENT_PROJECT_VERSION = 1;
				DEVELOPMENT_TEAM = 97S4Q992W3;
				DYLIB_COMPATIBILITY_VERSION = 1;
				DYLIB_CURRENT_VERSION = 1;
				DYLIB_INSTALL_NAME_BASE = "@rpath";
				ENABLE_MODULE_VERIFIER = YES;
				GCC_PREPROCESSOR_DEFINITIONS = "HAVE_CONFIG_H=1";
				GENERATE_INFOPLIST_FILE = YES;
				INFOPLIST_KEY_NSHumanReadableCopyright = "";
				INSTALL_PATH = "$(LOCAL_LIBRARY_DIR)/Frameworks";
				LD_RUNPATH_SEARCH_PATHS = (
					"$(inherited)",
					"@executable_path/../Frameworks",
					"@loader_path/Frameworks",
				);
				MACOSX_DEPLOYMENT_TARGET = 13.0;
				MARKETING_VERSION = 1.0;
				MODULE_VERIFIER_SUPPORTED_LANGUAGES = "objective-c objective-c++";
				MODULE_VERIFIER_SUPPORTED_LANGUAGE_STANDARDS = "gnu17 gnu++20";
				OTHER_CFLAGS = "-Wno-everything";
				PRODUCT_BUNDLE_IDENTIFIER = com.nehagupta.QuickLookCode.QuickLookCodeShared;
				PRODUCT_NAME = "$(TARGET_NAME:c99extidentifier)";
				SKIP_INSTALL = YES;
				SWIFT_EMIT_LOC_STRINGS = YES;
				SWIFT_INCLUDE_PATHS = "$(SRCROOT)/QuickLookCodeShared/Vendor/Oniguruma $(SRCROOT)/QuickLookCodeShared/Vendor/cmark-gfm";
				SWIFT_INSTALL_MODULE = YES;
				SWIFT_INSTALL_OBJC_HEADER = NO;
				SWIFT_VERSION = 5.0;
				USER_HEADER_SEARCH_PATHS = (
					"$(SRCROOT)/QuickLookCodeShared/Vendor/Oniguruma",
					"$(SRCROOT)/QuickLookCodeShared/Vendor/cmark-gfm",
				);
				VERSIONING_SYSTEM = "apple-generic";
				VERSION_INFO_PREFIX = "";
			};
			name = Release;
		};
/* End XCBuildConfiguration section */

/* Begin XCConfigurationList section */
		8217C27E2F8E24110014ACC7 /* Build configuration list for PBXProject "QuickLookCode" */ = {
			isa = XCConfigurationList;
			buildConfigurations = (
				8217C28D2F8E24120014ACC7 /* Debug */,
				8217C28E2F8E24120014ACC7 /* Release */,
			);
			defaultConfigurationIsVisible = 0;
			defaultConfigurationName = Release;
		};
		8217C28F2F8E24120014ACC7 /* Build configuration list for PBXNativeTarget "QuickLookCode" */ = {
			isa = XCConfigurationList;
			buildConfigurations = (
				8217C2902F8E24120014ACC7 /* Debug */,
				8217C2912F8E24120014ACC7 /* Release */,
			);
			defaultConfigurationIsVisible = 0;
			defaultConfigurationName = Release;
		};
		8217C2A82F8E24A50014ACC7 /* Build configuration list for PBXNativeTarget "QuickLookCodeExtension" */ = {
			isa = XCConfigurationList;
			buildConfigurations = (
				8217C2A92F8E24A50014ACC7 /* Debug */,
				8217C2AA2F8E24A50014ACC7 /* Release */,
			);
			defaultConfigurationIsVisible = 0;
			defaultConfigurationName = Release;
		};
		8217C2BB2F8E24E00014ACC7 /* Build configuration list for PBXNativeTarget "QuickLookCodeShared" */ = {
			isa = XCConfigurationList;
			buildConfigurations = (
				8217C2BC2F8E24E00014ACC7 /* Debug */,
				8217C2BD2F8E24E00014ACC7 /* Release */,
			);
			defaultConfigurationIsVisible = 0;
			defaultConfigurationName = Release;
		};
/* End XCConfigurationList section */
	};
	rootObject = 8217C27B2F8E24110014ACC7 /* Project object */;
}
